// !$*UTF8*$!
{
	archiveVersion = 1;
	classes = {
	};
	objectVersion = 55;
	objects = {

/* Begin PBXBuildFile section */
		BD8E70FD28A3F80E00B73220 /* AppDelegate.swift in Sources */ = {isa = PBXBuildFile; fileRef = BD8E70FC28A3F80E00B73220 /* AppDelegate.swift */; };
		BD8E70FF28A3F80E00B73220 /* SceneDelegate.swift in Sources */ = {isa = PBXBuildFile; fileRef = BD8E70FE28A3F80E00B73220 /* SceneDelegate.swift */; };
		BD8E710128A3F80E00B73220 /* ViewController.swift in Sources */ = {isa = PBXBuildFile; fileRef = BD8E710028A3F80E00B73220 /* ViewController.swift */; };
		BD8E710428A3F80E00B73220 /* Main.storyboard in Resources */ = {isa = PBXBuildFile; fileRef = BD8E710228A3F80E00B73220 /* Main.storyboard */; };
		BD8E710728A3F80E00B73220 /* demo.xcdatamodeld in Sources */ = {isa = PBXBuildFile; fileRef = BD8E710528A3F80E00B73220 /* demo.xcdatamodeld */; };
		BD8E710928A3F80F00B73220 /* Assets.xcassets in Resources */ = {isa = PBXBuildFile; fileRef = BD8E710828A3F80F00B73220 /* Assets.xcassets */; };
		BD8E710C28A3F80F00B73220 /* LaunchScreen.storyboard in Resources */ = {isa = PBXBuildFile; fileRef = BD8E710A28A3F80F00B73220 /* LaunchScreen.storyboard */; };
		BD8E711728A3F81000B73220 /* demoTests.swift in Sources */ = {isa = PBXBuildFile; fileRef = BD8E711628A3F81000B73220 /* demoTests.swift */; };
		BD8E712128A3F81000B73220 /* demoUITests.swift in Sources */ = {isa = PBXBuildFile; fileRef = BD8E712028A3F81000B73220 /* demoUITests.swift */; };
		BD8E712328A3F81000B73220 /* demoUITestsLaunchTests.swift in Sources */ = {isa = PBXBuildFile; fileRef = BD8E712228A3F81000B73220 /* demoUITestsLaunchTests.swift */; };
/* End PBXBuildFile section */

/* Begin PBXContainerItemProxy section */
		BD8E711328A3F81000B73220 /* PBXContainerItemProxy */ = {
			isa = PBXContainerItemProxy;
			containerPortal = BD8E70F128A3F80E00B73220 /* Project object */;
			proxyType = 1;
			remoteGlobalIDString = BD8E70F828A3F80E00B73220;
			remoteInfo = demo;
		};
		BD8E711D28A3F81000B73220 /* PBXContainerItemProxy */ = {
			isa = PBXContainerItemProxy;
			containerPortal = BD8E70F128A3F80E00B73220 /* Project object */;
			proxyType = 1;
			remoteGlobalIDString = BD8E70F828A3F80E00B73220;
			remoteInfo = demo;
		};
/* End PBXContainerItemProxy section */

/* Begin PBXFileReference section */
		BD8E70F928A3F80E00B73220 /* demo.app */ = {isa = PBXFileReference; explicitFileType = wrapper.application; includeInIndex = 0; path = demo.app; sourceTree = BUILT_PRODUCTS_DIR; };
		BD8E70FC28A3F80E00B73220 /* AppDelegate.swift */ = {isa = PBXFileReference; lastKnownFileType = sourcecode.swift; path = AppDelegate.swift; sourceTree = "<group>"; };
		BD8E70FE28A3F80E00B73220 /* SceneDelegate.swift */ = {isa = PBXFileReference; lastKnownFileType = sourcecode.swift; path = SceneDelegate.swift; sourceTree = "<group>"; };
		BD8E710028A3F80E00B73220 /* ViewController.swift */ = {isa = PBXFileReference; lastKnownFileType = sourcecode.swift; path = ViewController.swift; sourceTree = "<group>"; };
		BD8E710328A3F80E00B73220 /* Base */ = {isa = PBXFileReference; lastKnownFileType = file.storyboard; name = Base; path = Base.lproj/Main.storyboard; sourceTree = "<group>"; };
		BD8E710628A3F80E00B73220 /* demo.xcdatamodel */ = {isa = PBXFileReference; lastKnownFileType = wrapper.xcdatamodel; path = demo.xcdatamodel; sourceTree = "<group>"; };
		BD8E710828A3F80F00B73220 /* Assets.xcassets */ = {isa = PBXFileReference; lastKnownFileType = folder.assetcatalog; path = Assets.xcassets; sourceTree = "<group>"; };
		BD8E710B28A3F80F00B73220 /* Base */ = {isa = PBXFileReference; lastKnownFileType = file.storyboard; name = Base; path = Base.lproj/LaunchScreen.storyboard; sourceTree = "<group>"; };
		BD8E710D28A3F80F00B73220 /* Info.plist */ = {isa = PBXFileReference; lastKnownFileType = text.plist.xml; path = Info.plist; sourceTree = "<group>"; };
		BD8E711228A3F81000B73220 /* demoTests.xctest */ = {isa = PBXFileReference; explicitFileType = wrapper.cfbundle; includeInIndex = 0; path = demoTests.xctest; sourceTree = BUILT_PRODUCTS_DIR; };
		BD8E711628A3F81000B73220 /* demoTests.swift */ = {isa = PBXFileReference; lastKnownFileType = sourcecode.swift; path = demoTests.swift; sourceTree = "<group>"; };
		BD8E711C28A3F81000B73220 /* demoUITests.xctest */ = {isa = PBXFileReference; explicitFileType = wrapper.cfbundle; includeInIndex = 0; path = demoUITests.xctest; sourceTree = BUILT_PRODUCTS_DIR; };
		BD8E712028A3F81000B73220 /* demoUITests.swift */ = {isa = PBXFileReference; lastKnownFileType = sourcecode.swift; path = demoUITests.swift; sourceTree = "<group>"; };
		BD8E712228A3F81000B73220 /* demoUITestsLaunchTests.swift */ = {isa = PBXFileReference; lastKnownFileType = sourcecode.swift; path = demoUITestsLaunchTests.swift; sourceTree = "<group>"; };
/* End PBXFileReference section */

/* Begin PBXFrameworksBuildPhase section */
		BD8E70F628A3F80E00B73220 /* Frameworks */ = {
			isa = PBXFrameworksBuildPhase;
			buildActionMask = 2147483647;
			files = (
			);
			runOnlyForDeploymentPostprocessing = 0;
		};
		BD8E710F28A3F81000B73220 /* Frameworks */ = {
			isa = PBXFrameworksBuildPhase;
			buildActionMask = 2147483647;
			files = (
			);
			runOnlyForDeploymentPostprocessing = 0;
		};
		BD8E711928A3F81000B73220 /* Frameworks */ = {
			isa = PBXFrameworksBuildPhase;
			buildActionMask = 2147483647;
			files = (
			);
			runOnlyForDeploymentPostprocessing = 0;
		};
/* End PBXFrameworksBuildPhase section */

/* Begin PBXGroup section */
		BD8E70F028A3F80E00B73220 = {
			isa = PBXGroup;
			children = (
				BD8E70FB28A3F80E00B73220 /* demo */,
				BD8E711528A3F81000B73220 /* demoTests */,
				BD8E711F28A3F81000B73220 /* demoUITests */,
				BD8E70FA28A3F80E00B73220 /* Products */,
			);
			sourceTree = "<group>";
		};
		BD8E70FA28A3F80E00B73220 /* Products */ = {
			isa = PBXGroup;
			children = (
				BD8E70F928A3F80E00B73220 /* demo.app */,
				BD8E711228A3F81000B73220 /* demoTests.xctest */,
				BD8E711C28A3F81000B73220 /* demoUITests.xctest */,
			);
			name = Products;
			sourceTree = "<group>";
		};
		BD8E70FB28A3F80E00B73220 /* demo */ = {
			isa = PBXGroup;
			children = (
				BD8E70FC28A3F80E00B73220 /* AppDelegate.swift */,
				BD8E70FE28A3F80E00B73220 /* SceneDelegate.swift */,
				BD8E710028A3F80E00B73220 /* ViewController.swift */,
				BD8E710228A3F80E00B73220 /* Main.storyboard */,
				BD8E710828A3F80F00B73220 /* Assets.xcassets */,
				BD8E710A28A3F80F00B73220 /* LaunchScreen.storyboard */,
				BD8E710D28A3F80F00B73220 /* Info.plist */,
				BD8E710528A3F80E00B73220 /* demo.xcdatamodeld */,
			);
			path = demo;
			sourceTree = "<group>";
		};
		BD8E711528A3F81000B73220 /* demoTests */ = {
			isa = PBXGroup;
			children = (
				BD8E711628A3F81000B73220 /* demoTests.swift */,
			);
			path = demoTests;
			sourceTree = "<group>";
		};
		BD8E711F28A3F81000B73220 /* demoUITests */ = {
			isa = PBXGroup;
			children = (
				BD8E712028A3F81000B73220 /* demoUITests.swift */,
				BD8E712228A3F81000B73220 /* demoUITestsLaunchTests.swift */,
			);
			path = demoUITests;
			sourceTree = "<group>";
		};
/* End PBXGroup section */

/* Begin PBXNativeTarget section */
		BD8E70F828A3F80E00B73220 /* demo */ = {
			isa = PBXNativeTarget;
			buildConfigurationList = BD8E712628A3F81000B73220 /* Build configuration list for PBXNativeTarget "demo" */;
			buildPhases = (
				BD8E70F528A3F80E00B73220 /* Sources */,
				BD8E70F628A3F80E00B73220 /* Frameworks */,
				BD8E70F728A3F80E00B73220 /* Resources */,
			);
			buildRules = (
			);
			dependencies = (
			);
			name = demo;
			productName = demo;
			productReference = BD8E70F928A3F80E00B73220 /* demo.app */;
			productType = "com.apple.product-type.application";
		};
		BD8E711128A3F81000B73220 /* demoTests */ = {
			isa = PBXNativeTarget;
			buildConfigurationList = BD8E712928A3F81000B73220 /* Build configuration list for PBXNativeTarget "demoTests" */;
			buildPhases = (
				BD8E710E28A3F81000B73220 /* Sources */,
				BD8E710F28A3F81000B73220 /* Frameworks */,
				BD8E711028A3F81000B73220 /* Resources */,
			);
			buildRules = (
			);
			dependencies = (
				BD8E711428A3F81000B73220 /* PBXTargetDependency */,
			);
			name = demoTests;
			productName = demoTests;
			productReference = BD8E711228A3F81000B73220 /* demoTests.xctest */;
			productType = "com.apple.product-type.bundle.unit-test";
		};
		BD8E711B28A3F81000B73220 /* demoUITests */ = {
			isa = PBXNativeTarget;
			buildConfigurationList = BD8E712C28A3F81000B73220 /* Build configuration list for PBXNativeTarget "demoUITests" */;
			buildPhases = (
				BD8E711828A3F81000B73220 /* Sources */,
				BD8E711928A3F81000B73220 /* Frameworks */,
				BD8E711A28A3F81000B73220 /* Resources */,
			);
			buildRules = (
			);
			dependencies = (
				BD8E711E28A3F81000B73220 /* PBXTargetDependency */,
			);
			name = demoUITests;
			productName = demoUITests;
			productReference = BD8E711C28A3F81000B73220 /* demoUITests.xctest */;
			productType = "com.apple.product-type.bundle.ui-testing";
		};
/* End PBXNativeTarget section */

/* Begin PBXProject section */
		BD8E70F128A3F80E00B73220 /* Project object */ = {
			isa = PBXProject;
			attributes = {
				BuildIndependentTargetsInParallel = 1;
				LastSwiftUpdateCheck = 1340;
				LastUpgradeCheck = 1340;
				TargetAttributes = {
					BD8E70F828A3F80E00B73220 = {
						CreatedOnToolsVersion = 13.4.1;
					};
					BD8E711128A3F81000B73220 = {
						CreatedOnToolsVersion = 13.4.1;
						TestTargetID = BD8E70F828A3F80E00B73220;
					};
					BD8E711B28A3F81000B73220 = {
						CreatedOnToolsVersion = 13.4.1;
						TestTargetID = BD8E70F828A3F80E00B73220;
					};
				};
			};
			buildConfigurationList = BD8E70F428A3F80E00B73220 /* Build configuration list for PBXProject "demo" */;
			compatibilityVersion = "Xcode 13.0";
			developmentRegion = en;
			hasScannedForEncodings = 0;
			knownRegions = (
				en,
				Base,
			);
			mainGroup = BD8E70F028A3F80E00B73220;
			productRefGroup = BD8E70FA28A3F80E00B73220 /* Products */;
			projectDirPath = "";
			projectRoot = "";
			targets = (
				BD8E70F828A3F80E00B73220 /* demo */,
				BD8E711128A3F81000B73220 /* demoTests */,
				BD8E711B28A3F81000B73220 /* demoUITests */,
			);
		};
/* End PBXProject section */

/* Begin PBXResourcesBuildPhase section */
		BD8E70F728A3F80E00B73220 /* Resources */ = {
			isa = PBXResourcesBuildPhase;
			buildActionMask = 2147483647;
			files = (
				BD8E710C28A3F80F00B73220 /* LaunchScreen.storyboard in Resources */,
				BD8E710928A3F80F00B73220 /* Assets.xcassets in Resources */,
				BD8E710428A3F80E00B73220 /* Main.storyboard in Resources */,
			);
			runOnlyForDeploymentPostprocessing = 0;
		};
		BD8E711028A3F81000B73220 /* Resources */ = {
			isa = PBXResourcesBuildPhase;
			buildActionMask = 2147483647;
			files = (
			);
			runOnlyForDeploymentPostprocessing = 0;
		};
		BD8E711A28A3F81000B73220 /* Resources */ = {
			isa = PBXResourcesBuildPhase;
			buildActionMask = 2147483647;
			files = (
			);
			runOnlyForDeploymentPostprocessing = 0;
		};
/* End PBXResourcesBuildPhase section */

/* Begin PBXSourcesBuildPhase section */
		BD8E70F528A3F80E00B73220 /* Sources */ = {
			isa = PBXSourcesBuildPhase;
			buildActionMask = 2147483647;
			files = (
				BD8E710128A3F80E00B73220 /* ViewController.swift in Sources */,
				BD8E70FD28A3F80E00B73220 /* AppDelegate.swift in Sources */,
				BD8E710728A3F80E00B73220 /* demo.xcdatamodeld in Sources */,
				BD8E70FF28A3F80E00B73220 /* SceneDelegate.swift in Sources */,
			);
			runOnlyForDeploymentPostprocessing = 0;
		};
		BD8E710E28A3F81000B73220 /* Sources */ = {
			isa = PBXSourcesBuildPhase;
			buildActionMask = 2147483647;
			files = (
				BD8E711728A3F81000B73220 /* demoTests.swift in Sources */,
			);
			runOnlyForDeploymentPostprocessing = 0;
		};
		BD8E711828A3F81000B73220 /* Sources */ = {
			isa = PBXSourcesBuildPhase;
			buildActionMask = 2147483647;
			files = (
				BD8E712128A3F81000B73220 /* demoUITests.swift in Sources */,
				BD8E712328A3F81000B73220 /* demoUITestsLaunchTests.swift in Sources */,
			);
			runOnlyForDeploymentPostprocessing = 0;
		};
/* End PBXSourcesBuildPhase section */

/* Begin PBXTargetDependency section */
		BD8E711428A3F81000B73220 /* PBXTargetDependency */ = {
			isa = PBXTargetDependency;
			target = BD8E70F828A3F80E00B73220 /* demo */;
			targetProxy = BD8E711328A3F81000B73220 /* PBXContainerItemProxy */;
		};
		BD8E711E28A3F81000B73220 /* PBXTargetDependency */ = {
			isa = PBXTargetDependency;
			target = BD8E70F828A3F80E00B73220 /* demo */;
			targetProxy = BD8E711D28A3F81000B73220 /* PBXContainerItemProxy */;
		};
/* End PBXTargetDependency section */

/* Begin PBXVariantGroup section */
		BD8E710228A3F80E00B73220 /* Main.storyboard */ = {
			isa = PBXVariantGroup;
			children = (
				BD8E710328A3F80E00B73220 /* Base */,
			);
			name = Main.storyboard;
			sourceTree = "<group>";
		};
		BD8E710A28A3F80F00B73220 /* LaunchScreen.storyboard */ = {
			isa = PBXVariantGroup;
			children = (
				BD8E710B28A3F80F00B73220 /* Base */,
			);
			name = LaunchScreen.storyboard;
			sourceTree = "<group>";
		};
/* End PBXVariantGroup section */

/* Begin XCBuildConfiguration section */
		BD8E712428A3F81000B73220 /* Debug */ = {
			isa = XCBuildConfiguration;
			buildSettings = {
				ALWAYS_SEARCH_USER_PATHS = NO;
				CLANG_ANALYZER_NONNULL = YES;
				CLANG_ANALYZER_NUMBER_OBJECT_CONVERSION = YES_AGGRESSIVE;
				CLANG_CXX_LANGUAGE_STANDARD = "gnu++17";
				CLANG_ENABLE_MODULES = YES;
				CLANG_ENABLE_OBJC_ARC = YES;
				CLANG_ENABLE_OBJC_WEAK = YES;
				CLANG_WARN_BLOCK_CAPTURE_AUTORELEASING = YES;
				CLANG_WARN_BOOL_CONVERSION = YES;
				CLANG_WARN_COMMA = YES;
				CLANG_WARN_CONSTANT_CONVERSION = YES;
				CLANG_WARN_DEPRECATED_OBJC_IMPLEMENTATIONS = YES;
				CLANG_WARN_DIRECT_OBJC_ISA_USAGE = YES_ERROR;
				CLANG_WARN_DOCUMENTATION_COMMENTS = YES;
				CLANG_WARN_EMPTY_BODY = YES;
				CLANG_WARN_ENUM_CONVERSION = YES;
				CLANG_WARN_INFINITE_RECURSION = YES;
				CLANG_WARN_INT_CONVERSION = YES;
				CLANG_WARN_NON_LITERAL_NULL_CONVERSION = YES;
				CLANG_WARN_OBJC_IMPLICIT_RETAIN_SELF = YES;
				CLANG_WARN_OBJC_LITERAL_CONVERSION = YES;
				CLANG_WARN_OBJC_ROOT_CLASS = YES_ERROR;
				CLANG_WARN_QUOTED_INCLUDE_IN_FRAMEWORK_HEADER = YES;
				CLANG_WARN_RANGE_LOOP_ANALYSIS = YES;
				CLANG_WARN_STRICT_PROTOTYPES = YES;
				CLANG_WARN_SUSPICIOUS_MOVE = YES;
				CLANG_WARN_UNGUARDED_AVAILABILITY = YES_AGGRESSIVE;
				CLANG_WARN_UNREACHABLE_CODE = YES;
				CLANG_WARN__DUPLICATE_METHOD_MATCH = YES;
				COPY_PHASE_STRIP = NO;
				DEBUG_INFORMATION_FORMAT = dwarf;
				ENABLE_STRICT_OBJC_MSGSEND = YES;
				ENABLE_TESTABILITY = YES;
				GCC_C_LANGUAGE_STANDARD = gnu11;
				GCC_DYNAMIC_NO_PIC = NO;
				GCC_NO_COMMON_BLOCKS = YES;
				GCC_OPTIMIZATION_LEVEL = 0;
				GCC_PREPROCESSOR_DEFINITIONS = (
					"DEBUG=1",
					"$(inherited)",
				);
				GCC_WARN_64_TO_32_BIT_CONVERSION = YES;
				GCC_WARN_ABOUT_RETURN_TYPE = YES_ERROR;
				GCC_WARN_UNDECLARED_SELECTOR = YES;
				GCC_WARN_UNINITIALIZED_AUTOS = YES_AGGRESSIVE;
				GCC_WARN_UNUSED_FUNCTION = YES;
				GCC_WARN_UNUSED_VARIABLE = YES;
				IPHONEOS_DEPLOYMENT_TARGET = 15.5;
				MTL_ENABLE_DEBUG_INFO = INCLUDE_SOURCE;
				MTL_FAST_MATH = YES;
				ONLY_ACTIVE_ARCH = YES;
				SDKROOT = iphoneos;
				SWIFT_ACTIVE_COMPILATION_CONDITIONS = DEBUG;
				SWIFT_OPTIMIZATION_LEVEL = "-Onone";
			};
			name = Debug;
		};
		BD8E712528A3F81000B73220 /* Release */ = {
			isa = XCBuildConfiguration;
			buildSettings = {
				ALWAYS_SEARCH_USER_PATHS = NO;
				CLANG_ANALYZER_NONNULL = YES;
				CLANG_ANALYZER_NUMBER_OBJECT_CONVERSION = YES_AGGRESSIVE;
				CLANG_CXX_LANGUAGE_STANDARD = "gnu++17";
				CLANG_ENABLE_MODULES = YES;
				CLANG_ENABLE_OBJC_ARC = YES;
				CLANG_ENABLE_OBJC_WEAK = YES;
				CLANG_WARN_BLOCK_CAPTURE_AUTORELEASING = YES;
				CLANG_WARN_BOOL_CONVERSION = YES;
				CLANG_WARN_COMMA = YES;
				CLANG_WARN_CONSTANT_CONVERSION = YES;
				CLANG_WARN_DEPRECATED_OBJC_IMPLEMENTATIONS = YES;
				CLANG_WARN_DIRECT_OBJC_ISA_USAGE = YES_ERROR;
				CLANG_WARN_DOCUMENTATION_COMMENTS = YES;
				CLANG_WARN_EMPTY_BODY = YES;
				CLANG_WARN_ENUM_CONVERSION = YES;
				CLANG_WARN_INFINITE_RECURSION = YES;
				CLANG_WARN_INT_CONVERSION = YES;
				CLANG_WARN_NON_LITERAL_NULL_CONVERSION = YES;
				CLANG_WARN_OBJC_IMPLICIT_RETAIN_SELF = YES;
				CLANG_WARN_OBJC_LITERAL_CONVERSION = YES;
				CLANG_WARN_OBJC_ROOT_CLASS = YES_ERROR;
				CLANG_WARN_QUOTED_INCLUDE_IN_FRAMEWORK_HEADER = YES;
				CLANG_WARN_RANGE_LOOP_ANALYSIS = YES;
				CLANG_WARN_STRICT_PROTOTYPES = YES;
				CLANG_WARN_SUSPICIOUS_MOVE = YES;
				CLANG_WARN_UNGUARDED_AVAILABILITY = YES_AGGRESSIVE;
				CLANG_WARN_UNREACHABLE_CODE = YES;
				CLANG_WARN__DUPLICATE_METHOD_MATCH = YES;
				COPY_PHASE_STRIP = NO;
				DEBUG_INFORMATION_FORMAT = "dwarf-with-dsym";
				ENABLE_NS_ASSERTIONS = NO;
				ENABLE_STRICT_OBJC_MSGSEND = YES;
				GCC_C_LANGUAGE_STANDARD = gnu11;
				GCC_NO_COMMON_BLOCKS = YES;
				GCC_WARN_64_TO_32_BIT_CONVERSION = YES;
				GCC_WARN_ABOUT_RETURN_TYPE = YES_ERROR;
				GCC_WARN_UNDECLARED_SELECTOR = YES;
				GCC_WARN_UNINITIALIZED_AUTOS = YES_AGGRESSIVE;
				GCC_WARN_UNUSED_FUNCTION = YES;
				GCC_WARN_UNUSED_VARIABLE = YES;
				IPHONEOS_DEPLOYMENT_TARGET = 15.5;
				MTL_ENABLE_DEBUG_INFO = NO;
				MTL_FAST_MATH = YES;
				SDKROOT = iphoneos;
				SWIFT_COMPILATION_MODE = wholemodule;
				SWIFT_OPTIMIZATION_LEVEL = "-O";
				VALIDATE_PRODUCT = YES;
			};
			name = Release;
		};
		BD8E712728A3F81000B73220 /* Debug */ = {
			isa = XCBuildConfiguration;
			buildSettings = {
				ASSETCATALOG_COMPILER_APPICON_NAME = AppIcon;
				ASSETCATALOG_COMPILER_GLOBAL_ACCENT_COLOR_NAME = AccentColor;
				CODE_SIGN_STYLE = Automatic;
				CURRENT_PROJECT_VERSION = 1;
				GENERATE_INFOPLIST_FILE = YES;
				INFOPLIST_FILE = demo/Info.plist;
				INFOPLIST_KEY_UIApplicationSupportsIndirectInputEvents = YES;
				INFOPLIST_KEY_UILaunchStoryboardName = LaunchScreen;
				INFOPLIST_KEY_UIMainStoryboardFile = Main;
				INFOPLIST_KEY_UISupportedInterfaceOrientations_iPad = "UIInterfaceOrientationPortrait UIInterfaceOrientationPortraitUpsideDown UIInterfaceOrientationLandscapeLeft UIInterfaceOrientationLandscapeRight";
				INFOPLIST_KEY_UISupportedInterfaceOrientations_iPhone = "UIInterfaceOrientationPortrait UIInterfaceOrientationLandscapeLeft UIInterfaceOrientationLandscapeRight";
				LD_RUNPATH_SEARCH_PATHS = (
					"$(inherited)",
					"@executable_path/Frameworks",
				);
				MARKETING_VERSION = 1.0;
				PRODUCT_BUNDLE_IDENTIFIER = kwk.demo;
				PRODUCT_NAME = "$(TARGET_NAME)";
				SWIFT_EMIT_LOC_STRINGS = YES;
				SWIFT_VERSION = 5.0;
				TARGETED_DEVICE_FAMILY = "1,2";
			};
			name = Debug;
		};
		BD8E712828A3F81000B73220 /* Release */ = {
			isa = XCBuildConfiguration;
			buildSettings = {
				ASSETCATALOG_COMPILER_APPICON_NAME = AppIcon;
				ASSETCATALOG_COMPILER_GLOBAL_ACCENT_COLOR_NAME = AccentColor;
				CODE_SIGN_STYLE = Automatic;
				CURRENT_PROJECT_VERSION = 1;
				GENERATE_INFOPLIST_FILE = YES;
				INFOPLIST_FILE = demo/Info.plist;
				INFOPLIST_KEY_UIApplicationSupportsIndirectInputEvents = YES;
				INFOPLIST_KEY_UILaunchStoryboardName = LaunchScreen;
				INFOPLIST_KEY_UIMainStoryboardFile = Main;
				INFOPLIST_KEY_UISupportedInterfaceOrientations_iPad = "UIInterfaceOrientationPortrait UIInterfaceOrientationPortraitUpsideDown UIInterfaceOrientationLandscapeLeft UIInterfaceOrientationLandscapeRight";
				INFOPLIST_KEY_UISupportedInterfaceOrientations_iPhone = "UIInterfaceOrientationPortrait UIInterfaceOrientationLandscapeLeft UIInterfaceOrientationLandscapeRight";
				LD_RUNPATH_SEARCH_PATHS = (
					"$(inherited)",
					"@executable_path/Frameworks",
				);
				MARKETING_VERSION = 1.0;
				PRODUCT_BUNDLE_IDENTIFIER = kwk.demo;
				PRODUCT_NAME = "$(TARGET_NAME)";
				SWIFT_EMIT_LOC_STRINGS = YES;
				SWIFT_VERSION = 5.0;
				TARGETED_DEVICE_FAMILY = "1,2";
			};
			name = Release;
		};
		BD8E712A28A3F81000B73220 /* Debug */ = {
			isa = XCBuildConfiguration;
			buildSettings = {
				ALWAYS_EMBED_SWIFT_STANDARD_LIBRARIES = YES;
				BUNDLE_LOADER = "$(TEST_HOST)";
				CODE_SIGN_STYLE = Automatic;
				CURRENT_PROJECT_VERSION = 1;
				GENERATE_INFOPLIST_FILE = YES;
				IPHONEOS_DEPLOYMENT_TARGET = 15.5;
				MARKETING_VERSION = 1.0;
				PRODUCT_BUNDLE_IDENTIFIER = kwk.demoTests;
				PRODUCT_NAME = "$(TARGET_NAME)";
				SWIFT_EMIT_LOC_STRINGS = NO;
				SWIFT_VERSION = 5.0;
				TARGETED_DEVICE_FAMILY = "1,2";
				TEST_HOST = "$(BUILT_PRODUCTS_DIR)/demo.app/demo";
			};
			name = Debug;
		};
		BD8E712B28A3F81000B73220 /* Release */ = {
			isa = XCBuildConfiguration;
			buildSettings = {
				ALWAYS_EMBED_SWIFT_STANDARD_LIBRARIES = YES;
				BUNDLE_LOADER = "$(TEST_HOST)";
				CODE_SIGN_STYLE = Automatic;
				CURRENT_PROJECT_VERSION = 1;
				GENERATE_INFOPLIST_FILE = YES;
				IPHONEOS_DEPLOYMENT_TARGET = 15.5;
				MARKETING_VERSION = 1.0;
				PRODUCT_BUNDLE_IDENTIFIER = kwk.demoTests;
				PRODUCT_NAME = "$(TARGET_NAME)";
				SWIFT_EMIT_LOC_STRINGS = NO;
				SWIFT_VERSION = 5.0;
				TARGETED_DEVICE_FAMILY = "1,2";
				TEST_HOST = "$(BUILT_PRODUCTS_DIR)/demo.app/demo";
			};
			name = Release;
		};
		BD8E712D28A3F81000B73220 /* Debug */ = {
			isa = XCBuildConfiguration;
			buildSettings = {
				ALWAYS_EMBED_SWIFT_STANDARD_LIBRARIES = YES;
				CODE_SIGN_STYLE = Automatic;
				CURRENT_PROJECT_VERSION = 1;
				GENERATE_INFOPLIST_FILE = YES;
				MARKETING_VERSION = 1.0;
				PRODUCT_BUNDLE_IDENTIFIER = kwk.demoUITests;
				PRODUCT_NAME = "$(TARGET_NAME)";
				SWIFT_EMIT_LOC_STRINGS = NO;
				SWIFT_VERSION = 5.0;
				TARGETED_DEVICE_FAMILY = "1,2";
				TEST_TARGET_NAME = demo;
			};
			name = Debug;
		};
		BD8E712E28A3F81000B73220 /* Release */ = {
			isa = XCBuildConfiguration;
			buildSettings = {
				ALWAYS_EMBED_SWIFT_STANDARD_LIBRARIES = YES;
				CODE_SIGN_STYLE = Automatic;
				CURRENT_PROJECT_VERSION = 1;
				GENERATE_INFOPLIST_FILE = YES;
				MARKETING_VERSION = 1.0;
				PRODUCT_BUNDLE_IDENTIFIER = kwk.demoUITests;
				PRODUCT_NAME = "$(TARGET_NAME)";
				SWIFT_EMIT_LOC_STRINGS = NO;
				SWIFT_VERSION = 5.0;
				TARGETED_DEVICE_FAMILY = "1,2";
				TEST_TARGET_NAME = demo;
			};
			name = Release;
		};
/* End XCBuildConfiguration section */

/* Begin XCConfigurationList section */
		BD8E70F428A3F80E00B73220 /* Build configuration list for PBXProject "demo" */ = {
			isa = XCConfigurationList;
			buildConfigurations = (
				BD8E712428A3F81000B73220 /* Debug */,
				BD8E712528A3F81000B73220 /* Release */,
			);
			defaultConfigurationIsVisible = 0;
			defaultConfigurationName = Release;
		};
		BD8E712628A3F81000B73220 /* Build configuration list for PBXNativeTarget "demo" */ = {
			isa = XCConfigurationList;
			buildConfigurations = (
				BD8E712728A3F81000B73220 /* Debug */,
				BD8E712828A3F81000B73220 /* Release */,
			);
			defaultConfigurationIsVisible = 0;
			defaultConfigurationName = Release;
		};
		BD8E712928A3F81000B73220 /* Build configuration list for PBXNativeTarget "demoTests" */ = {
			isa = XCConfigurationList;
			buildConfigurations = (
				BD8E712A28A3F81000B73220 /* Debug */,
				BD8E712B28A3F81000B73220 /* Release */,
			);
			defaultConfigurationIsVisible = 0;
			defaultConfigurationName = Release;
		};
		BD8E712C28A3F81000B73220 /* Build configuration list for PBXNativeTarget "demoUITests" */ = {
			isa = XCConfigurationList;
			buildConfigurations = (
				BD8E712D28A3F81000B73220 /* Debug */,
				BD8E712E28A3F81000B73220 /* Release */,
			);
			defaultConfigurationIsVisible = 0;
			defaultConfigurationName = Release;
		};
/* End XCConfigurationList section */

/* Begin XCVersionGroup section */
		BD8E710528A3F80E00B73220 /* demo.xcdatamodeld */ = {
			isa = XCVersionGroup;
			children = (
				BD8E710628A3F80E00B73220 /* demo.xcdatamodel */,
			);
			currentVersion = BD8E710628A3F80E00B73220 /* demo.xcdatamodel */;
			path = demo.xcdatamodeld;
			sourceTree = "<group>";
			versionGroupType = wrapper.xcdatamodel;
		};
/* End XCVersionGroup section */
	};
	rootObject = BD8E70F128A3F80E00B73220 /* Project object */;
}
